
Microsoft Visual Studio Solution File, Format Version 12.00
# Visual Studio Version 16
VisualStudioVersion = 16.0.29424.173
MinimumVisualStudioVersion = 10.0.40219.1
Project("{FAE04EC0-301F-11D3-BF4B-00C04F79EFBC}") = "kuzem_videoDeneme", "kuzem_videoDeneme\kuzem_videoDeneme.csproj", "{D5B965EE-8726-401E-A8DC-AF8E43FC5A92}"
EndProject
Global
	GlobalSection(SolutionConfigurationPlatforms) = preSolution
		Debug|Any CPU = Debug|Any CPU
		Release|Any CPU = Release|Any CPU
	EndGlobalSection
	GlobalSection(ProjectConfigurationPlatforms) = postSolution
		{D5B965EE-8726-401E-A8DC-AF8E43FC5A92}.Debug|Any CPU.ActiveCfg = Debug|Any CPU
		{D5B965EE-8726-401E-A8DC-AF8E43FC5A92}.Debug|Any CPU.Build.0 = Debug|Any CPU
		{D5B965EE-8726-401E-A8DC-AF8E43FC5A92}.Release|Any CPU.ActiveCfg = Release|Any CPU
		{D5B965EE-8726-401E-A8DC-AF8E43FC5A92}.Release|Any CPU.Build.0 = Release|Any CPU
	EndGlobalSection
	GlobalSection(SolutionProperties) = preSolution
		HideSolutionNode = FALSE
	EndGlobalSection
	GlobalSection(ExtensibilityGlobals) = postSolution
		SolutionGuid = {0F6AD187-D678-480C-9B92-894CC83AE84D}
	EndGlobalSection
EndGlobal
